
Microsoft Visual Studio Solution File, Format Version 12.00
# Visual Studio Version 17
VisualStudioVersion = 17.5.33530.505
MinimumVisualStudioVersion = 10.0.40219.1
Project("{FAE04EC0-301F-11D3-BF4B-00C04F79EFBC}") = "TimeLord_Zanevskaya", "TimeLord_Zanevskaya.csproj", "{EA123D70-672D-4446-B31D-37EA6A567970}"
EndProject
Global
	GlobalSection(SolutionConfigurationPlatforms) = preSolution
		Debug|Any CPU = Debug|Any CPU
		Release|Any CPU = Release|Any CPU
	EndGlobalSection
	GlobalSection(ProjectConfigurationPlatforms) = postSolution
		{EA123D70-672D-4446-B31D-37EA6A567970}.Debug|Any CPU.ActiveCfg = Debug|Any CPU
		{EA123D70-672D-4446-B31D-37EA6A567970}.Debug|Any CPU.Build.0 = Debug|Any CPU
		{EA123D70-672D-4446-B31D-37EA6A567970}.Release|Any CPU.ActiveCfg = Release|Any CPU
		{EA123D70-672D-4446-B31D-37EA6A567970}.Release|Any CPU.Build.0 = Release|Any CPU
	EndGlobalSection
	GlobalSection(SolutionProperties) = preSolution
		HideSolutionNode = FALSE
	EndGlobalSection
	GlobalSection(ExtensibilityGlobals) = postSolution
		SolutionGuid = {E003DBCC-4137-49C7-8C47-7FC2A788CB4E}
	EndGlobalSection
EndGlobal
